
Microsoft Visual Studio Solution File, Format Version 12.00
# Visual Studio Version 16
VisualStudioVersion = 16.0.29709.97
MinimumVisualStudioVersion = 10.0.40219.1
Project("{2150E333-8FDC-42A3-9474-1A3956D46DE8}") = "App", "App", "{0629743E-C050-4875-A182-3F5BD44421CD}"
EndProject
Project("{2150E333-8FDC-42A3-9474-1A3956D46DE8}") = "Business", "Business", "{1337493F-DFF9-4CD6-8C98-3D037DF58E4E}"
EndProject
Project("{2150E333-8FDC-42A3-9474-1A3956D46DE8}") = "Common", "Common", "{3F005E90-A052-4E9D-81F7-0B170BA4BB2F}"
EndProject
Project("{2150E333-8FDC-42A3-9474-1A3956D46DE8}") = "Core", "Core", "{A6A1D0ED-9617-4CCD-8820-C6B9E72514A7}"
EndProject
Project("{2150E333-8FDC-42A3-9474-1A3956D46DE8}") = "DataLayer", "DataLayer", "{3769C22E-C805-40B7-9382-ECE4E8C1E15C}"
EndProject
Project("{2150E333-8FDC-42A3-9474-1A3956D46DE8}") = "Infrastructure", "Infrastructure", "{55B922CD-98ED-4BA2-AE11-C2CF70C5357C}"
EndProject
Project("{2150E333-8FDC-42A3-9474-1A3956D46DE8}") = "Tests", "Tests", "{EF8F0047-3D61-4675-A24A-4D345A27036A}"
EndProject
Project("{FAE04EC0-301F-11D3-BF4B-00C04F79EFBC}") = "ToDoApp.Business", "ToDoApp.Business\ToDoApp.Business.csproj", "{894E2D79-12C4-43D8-9E43-D094F40A3FD7}"
EndProject
Project("{FAE04EC0-301F-11D3-BF4B-00C04F79EFBC}") = "ToDoApp.Common", "ToDoApp.Common\ToDoApp.Common.csproj", "{6436BAAF-E55D-45CB-9695-BFCBDA7DB875}"
EndProject
Project("{FAE04EC0-301F-11D3-BF4B-00C04F79EFBC}") = "ToDoApp.Core", "ToDoApp.Core\ToDoApp.Core.csproj", "{EFF1CF49-8B02-4AC7-9FE3-4DBD467CA380}"
EndProject
Project("{FAE04EC0-301F-11D3-BF4B-00C04F79EFBC}") = "ToDoApp.DataAccess", "ToDoApp.DataAccess\ToDoApp.DataAccess.csproj", "{C3EB09A7-A53D-4B35-972D-E508DF85AF18}"
EndProject
Project("{FAE04EC0-301F-11D3-BF4B-00C04F79EFBC}") = "ToDoApp.DataDomain", "ToDoApp.DataDomain\ToDoApp.DataDomain.csproj", "{1EBB48EB-89B5-4DA8-ADD8-F425EA5F2F12}"
EndProject
Project("{FAE04EC0-301F-11D3-BF4B-00C04F79EFBC}") = "ToDoApp.Entities", "ToDoApp.Entities\ToDoApp.Entities.csproj", "{F53BC67A-92CA-44DB-83A8-31B898768492}"
EndProject
Project("{FAE04EC0-301F-11D3-BF4B-00C04F79EFBC}") = "ToDoApp.loC", "ToDoApp.loC\ToDoApp.loC.csproj", "{167C1694-30E0-4A86-839D-DB3FC3CFEB25}"
EndProject
Project("{FAE04EC0-301F-11D3-BF4B-00C04F79EFBC}") = "ToDoApp.Ninject", "ToDoApp.Ninject\ToDoApp.Ninject.csproj", "{776F0A5C-5457-4E12-9500-7140C1DE4B42}"
EndProject
Project("{FAE04EC0-301F-11D3-BF4B-00C04F79EFBC}") = "ToDoApp.Web", "ToDoApp.Web\ToDoApp.Web.csproj", "{1185E984-D0A5-4307-A396-F53BA0E4E79F}"
EndProject
Project("{FAE04EC0-301F-11D3-BF4B-00C04F79EFBC}") = "ToDoApp.Business.Tests", "ToDoApp.Business.Tests\ToDoApp.Business.Tests.csproj", "{A2C0E91C-49E5-4696-904B-DE08677A615C}"
EndProject
Project("{FAE04EC0-301F-11D3-BF4B-00C04F79EFBC}") = "ToDoApp.DataAccess.Tests", "ToDoApp.DataAccess.Tests\ToDoApp.DataAccess.Tests.csproj", "{CBEE5EF3-48F4-4016-A7D3-8189D61CAEDB}"
EndProject
Project("{FAE04EC0-301F-11D3-BF4B-00C04F79EFBC}") = "ToDoApp.Web.Tests", "ToDoApp.Web.Tests\ToDoApp.Web.Tests.csproj", "{0F8CA97E-08DD-4134-A376-BC2A772F2AD1}"
EndProject
Project("{FAE04EC0-301F-11D3-BF4B-00C04F79EFBC}") = "ToDoApp.Api", "..\ToDoApp.Api\ToDoApp.Api.csproj", "{248B6D92-875D-427A-85BE-741A5E16779C}"
EndProject
Global
	GlobalSection(SolutionConfigurationPlatforms) = preSolution
		Debug|Any CPU = Debug|Any CPU
		Release|Any CPU = Release|Any CPU
	EndGlobalSection
	GlobalSection(ProjectConfigurationPlatforms) = postSolution
		{894E2D79-12C4-43D8-9E43-D094F40A3FD7}.Debug|Any CPU.ActiveCfg = Debug|Any CPU
		{894E2D79-12C4-43D8-9E43-D094F40A3FD7}.Debug|Any CPU.Build.0 = Debug|Any CPU
		{894E2D79-12C4-43D8-9E43-D094F40A3FD7}.Release|Any CPU.ActiveCfg = Release|Any CPU
		{894E2D79-12C4-43D8-9E43-D094F40A3FD7}.Release|Any CPU.Build.0 = Release|Any CPU
		{6436BAAF-E55D-45CB-9695-BFCBDA7DB875}.Debug|Any CPU.ActiveCfg = Debug|Any CPU
		{6436BAAF-E55D-45CB-9695-BFCBDA7DB875}.Debug|Any CPU.Build.0 = Debug|Any CPU
		{6436BAAF-E55D-45CB-9695-BFCBDA7DB875}.Release|Any CPU.ActiveCfg = Release|Any CPU
		{6436BAAF-E55D-45CB-9695-BFCBDA7DB875}.Release|Any CPU.Build.0 = Release|Any CPU
		{EFF1CF49-8B02-4AC7-9FE3-4DBD467CA380}.Debug|Any CPU.ActiveCfg = Debug|Any CPU
		{EFF1CF49-8B02-4AC7-9FE3-4DBD467CA380}.Debug|Any CPU.Build.0 = Debug|Any CPU
		{EFF1CF49-8B02-4AC7-9FE3-4DBD467CA380}.Release|Any CPU.ActiveCfg = Release|Any CPU
		{EFF1CF49-8B02-4AC7-9FE3-4DBD467CA380}.Release|Any CPU.Build.0 = Release|Any CPU
		{C3EB09A7-A53D-4B35-972D-E508DF85AF18}.Debug|Any CPU.ActiveCfg = Debug|Any CPU
		{C3EB09A7-A53D-4B35-972D-E508DF85AF18}.Debug|Any CPU.Build.0 = Debug|Any CPU
		{C3EB09A7-A53D-4B35-972D-E508DF85AF18}.Release|Any CPU.ActiveCfg = Release|Any CPU
		{C3EB09A7-A53D-4B35-972D-E508DF85AF18}.Release|Any CPU.Build.0 = Release|Any CPU
		{1EBB48EB-89B5-4DA8-ADD8-F425EA5F2F12}.Debug|Any CPU.ActiveCfg = Debug|Any CPU
		{1EBB48EB-89B5-4DA8-ADD8-F425EA5F2F12}.Debug|Any CPU.Build.0 = Debug|Any CPU
		{1EBB48EB-89B5-4DA8-ADD8-F425EA5F2F12}.Release|Any CPU.ActiveCfg = Release|Any CPU
		{1EBB48EB-89B5-4DA8-ADD8-F425EA5F2F12}.Release|Any CPU.Build.0 = Release|Any CPU
		{F53BC67A-92CA-44DB-83A8-31B898768492}.Debug|Any CPU.ActiveCfg = Debug|Any CPU
		{F53BC67A-92CA-44DB-83A8-31B898768492}.Debug|Any CPU.Build.0 = Debug|Any CPU
		{F53BC67A-92CA-44DB-83A8-31B898768492}.Release|Any CPU.ActiveCfg = Release|Any CPU
		{F53BC67A-92CA-44DB-83A8-31B898768492}.Release|Any CPU.Build.0 = Release|Any CPU
		{167C1694-30E0-4A86-839D-DB3FC3CFEB25}.Debug|Any CPU.ActiveCfg = Debug|Any CPU
		{167C1694-30E0-4A86-839D-DB3FC3CFEB25}.Debug|Any CPU.Build.0 = Debug|Any CPU
		{167C1694-30E0-4A86-839D-DB3FC3CFEB25}.Release|Any CPU.ActiveCfg = Release|Any CPU
		{167C1694-30E0-4A86-839D-DB3FC3CFEB25}.Release|Any CPU.Build.0 = Release|Any CPU
		{776F0A5C-5457-4E12-9500-7140C1DE4B42}.Debug|Any CPU.ActiveCfg = Debug|Any CPU
		{776F0A5C-5457-4E12-9500-7140C1DE4B42}.Debug|Any CPU.Build.0 = Debug|Any CPU
		{776F0A5C-5457-4E12-9500-7140C1DE4B42}.Release|Any CPU.ActiveCfg = Release|Any CPU
		{776F0A5C-5457-4E12-9500-7140C1DE4B42}.Release|Any CPU.Build.0 = Release|Any CPU
		{1185E984-D0A5-4307-A396-F53BA0E4E79F}.Debug|Any CPU.ActiveCfg = Debug|Any CPU
		{1185E984-D0A5-4307-A396-F53BA0E4E79F}.Debug|Any CPU.Build.0 = Debug|Any CPU
		{1185E984-D0A5-4307-A396-F53BA0E4E79F}.Release|Any CPU.ActiveCfg = Release|Any CPU
		{1185E984-D0A5-4307-A396-F53BA0E4E79F}.Release|Any CPU.Build.0 = Release|Any CPU
		{A2C0E91C-49E5-4696-904B-DE08677A615C}.Debug|Any CPU.ActiveCfg = Debug|Any CPU
		{A2C0E91C-49E5-4696-904B-DE08677A615C}.Debug|Any CPU.Build.0 = Debug|Any CPU
		{A2C0E91C-49E5-4696-904B-DE08677A615C}.Release|Any CPU.ActiveCfg = Release|Any CPU
		{A2C0E91C-49E5-4696-904B-DE08677A615C}.Release|Any CPU.Build.0 = Release|Any CPU
		{CBEE5EF3-48F4-4016-A7D3-8189D61CAEDB}.Debug|Any CPU.ActiveCfg = Debug|Any CPU
		{CBEE5EF3-48F4-4016-A7D3-8189D61CAEDB}.Debug|Any CPU.Build.0 = Debug|Any CPU
		{CBEE5EF3-48F4-4016-A7D3-8189D61CAEDB}.Release|Any CPU.ActiveCfg = Release|Any CPU
		{CBEE5EF3-48F4-4016-A7D3-8189D61CAEDB}.Release|Any CPU.Build.0 = Release|Any CPU
		{0F8CA97E-08DD-4134-A376-BC2A772F2AD1}.Debug|Any CPU.ActiveCfg = Debug|Any CPU
		{0F8CA97E-08DD-4134-A376-BC2A772F2AD1}.Debug|Any CPU.Build.0 = Debug|Any CPU
		{0F8CA97E-08DD-4134-A376-BC2A772F2AD1}.Release|Any CPU.ActiveCfg = Release|Any CPU
		{0F8CA97E-08DD-4134-A376-BC2A772F2AD1}.Release|Any CPU.Build.0 = Release|Any CPU
		{248B6D92-875D-427A-85BE-741A5E16779C}.Debug|Any CPU.ActiveCfg = Debug|Any CPU
		{248B6D92-875D-427A-85BE-741A5E16779C}.Debug|Any CPU.Build.0 = Debug|Any CPU
		{248B6D92-875D-427A-85BE-741A5E16779C}.Release|Any CPU.ActiveCfg = Release|Any CPU
		{248B6D92-875D-427A-85BE-741A5E16779C}.Release|Any CPU.Build.0 = Release|Any CPU
	EndGlobalSection
	GlobalSection(SolutionProperties) = preSolution
		HideSolutionNode = FALSE
	EndGlobalSection
	GlobalSection(NestedProjects) = preSolution
		{894E2D79-12C4-43D8-9E43-D094F40A3FD7} = {1337493F-DFF9-4CD6-8C98-3D037DF58E4E}
		{6436BAAF-E55D-45CB-9695-BFCBDA7DB875} = {3F005E90-A052-4E9D-81F7-0B170BA4BB2F}
		{EFF1CF49-8B02-4AC7-9FE3-4DBD467CA380} = {A6A1D0ED-9617-4CCD-8820-C6B9E72514A7}
		{C3EB09A7-A53D-4B35-972D-E508DF85AF18} = {3769C22E-C805-40B7-9382-ECE4E8C1E15C}
		{1EBB48EB-89B5-4DA8-ADD8-F425EA5F2F12} = {3769C22E-C805-40B7-9382-ECE4E8C1E15C}
		{F53BC67A-92CA-44DB-83A8-31B898768492} = {3769C22E-C805-40B7-9382-ECE4E8C1E15C}
		{167C1694-30E0-4A86-839D-DB3FC3CFEB25} = {55B922CD-98ED-4BA2-AE11-C2CF70C5357C}
		{776F0A5C-5457-4E12-9500-7140C1DE4B42} = {55B922CD-98ED-4BA2-AE11-C2CF70C5357C}
		{1185E984-D0A5-4307-A396-F53BA0E4E79F} = {0629743E-C050-4875-A182-3F5BD44421CD}
		{A2C0E91C-49E5-4696-904B-DE08677A615C} = {EF8F0047-3D61-4675-A24A-4D345A27036A}
		{CBEE5EF3-48F4-4016-A7D3-8189D61CAEDB} = {EF8F0047-3D61-4675-A24A-4D345A27036A}
		{0F8CA97E-08DD-4134-A376-BC2A772F2AD1} = {EF8F0047-3D61-4675-A24A-4D345A27036A}
		{248B6D92-875D-427A-85BE-741A5E16779C} = {0629743E-C050-4875-A182-3F5BD44421CD}
	EndGlobalSection
	GlobalSection(ExtensibilityGlobals) = postSolution
		SolutionGuid = {6E7D267E-870F-4D9A-AF34-76391E9DF076}
	EndGlobalSection
EndGlobal
